// !$*UTF8*$!
{
	archiveVersion = 1;
	classes = {
	};
	objectVersion = 46;
	objects = {

/* Begin PBXBuildFile section */
		B772C1F71B0C6A86007D89EB /* MDAppDelegate.cpp in Sources */ = {isa = PBXBuildFile; fileRef = B772C1F11B0C6A86007D89EB /* MDAppDelegate.cpp */; };
		B772C1F81B0C6A86007D89EB /* MDGameScene.cpp in Sources */ = {isa = PBXBuildFile; fileRef = B772C1F31B0C6A86007D89EB /* MDGameScene.cpp */; };
		B772C1F91B0C6A86007D89EB /* MDLuaWrapper.cpp in Sources */ = {isa = PBXBuildFile; fileRef = B772C1F51B0C6A86007D89EB /* MDLuaWrapper.cpp */; };
		B79456261B09D81C00FBB802 /* main.m in Sources */ = {isa = PBXBuildFile; fileRef = B79456241B09D81C00FBB802 /* main.m */; };
		B794562C1B09D83000FBB802 /* AppController.mm in Sources */ = {isa = PBXBuildFile; fileRef = B79456281B09D83000FBB802 /* AppController.mm */; };
		B794562D1B09D83000FBB802 /* RootViewController.mm in Sources */ = {isa = PBXBuildFile; fileRef = B794562B1B09D83000FBB802 /* RootViewController.mm */; };
		B7E04FE41B0F364E00913ED1 /* Default-568h@2x.png in Resources */ = {isa = PBXBuildFile; fileRef = B7E04FE31B0F364E00913ED1 /* Default-568h@2x.png */; };
		B7E04FE81B0F398900913ED1 /* libcocos2d iOS.a in Frameworks */ = {isa = PBXBuildFile; fileRef = B7E04FE71B0F398900913ED1 /* libcocos2d iOS.a */; };
		B7E04FEA1B0F398E00913ED1 /* libMelo.a in Frameworks */ = {isa = PBXBuildFile; fileRef = B7E04FE91B0F398E00913ED1 /* libMelo.a */; };
		B7E04FEB1B0F3A7800913ED1 /* Info.plist in Resources */ = {isa = PBXBuildFile; fileRef = B79456231B09D81C00FBB802 /* Info.plist */; };
		B7F3C24D1B0F3F5A00E78093 /* background.png in Resources */ = {isa = PBXBuildFile; fileRef = B7F3C2491B0F3F5A00E78093 /* background.png */; };
		B7F3C24E1B0F3F5A00E78093 /* fonts in Resources */ = {isa = PBXBuildFile; fileRef = B7F3C24A1B0F3F5A00E78093 /* fonts */; };
		B7F3C24F1B0F3F5A00E78093 /* helloworld.png in Resources */ = {isa = PBXBuildFile; fileRef = B7F3C24B1B0F3F5A00E78093 /* helloworld.png */; };
		B7F3C2501B0F3F5A00E78093 /* mdstart.lua in Resources */ = {isa = PBXBuildFile; fileRef = B7F3C24C1B0F3F5A00E78093 /* mdstart.lua */; };
		B7F41BD01B09E57300F7ED34 /* OpenGLES.framework in Frameworks */ = {isa = PBXBuildFile; fileRef = B7F41BCF1B09E57300F7ED34 /* OpenGLES.framework */; };
		B7F41BD61B09E9D000F7ED34 /* AVFoundation.framework in Frameworks */ = {isa = PBXBuildFile; fileRef = B7F41BD41B09E9D000F7ED34 /* AVFoundation.framework */; };
		B7F41BDA1B09E9F400F7ED34 /* CoreGraphics.framework in Frameworks */ = {isa = PBXBuildFile; fileRef = B7F41BD71B09E9F400F7ED34 /* CoreGraphics.framework */; };
		B7F41BDB1B09E9F400F7ED34 /* CoreMotion.framework in Frameworks */ = {isa = PBXBuildFile; fileRef = B7F41BD81B09E9F400F7ED34 /* CoreMotion.framework */; };
		B7F41BDC1B09E9F400F7ED34 /* Foundation.framework in Frameworks */ = {isa = PBXBuildFile; fileRef = B7F41BD91B09E9F400F7ED34 /* Foundation.framework */; };
		B7F41BDF1B09EA3000F7ED34 /* libz.dylib in Frameworks */ = {isa = PBXBuildFile; fileRef = B7F41BDD1B09EA3000F7ED34 /* libz.dylib */; };
		B7F41BE01B09EA3000F7ED34 /* UIKit.framework in Frameworks */ = {isa = PBXBuildFile; fileRef = B7F41BDE1B09EA3000F7ED34 /* UIKit.framework */; };
		B7F41BF21B09F16C00F7ED34 /* OpenAL.framework in Frameworks */ = {isa = PBXBuildFile; fileRef = B7F41BF11B09F16C00F7ED34 /* OpenAL.framework */; };
		B7F41BF41B09F17800F7ED34 /* QuartzCore.framework in Frameworks */ = {isa = PBXBuildFile; fileRef = B7F41BF31B09F17800F7ED34 /* QuartzCore.framework */; };
		B7F41C071B09FC8500F7ED34 /* AudioToolbox.framework in Frameworks */ = {isa = PBXBuildFile; fileRef = B7F41BE11B09EA6900F7ED34 /* AudioToolbox.framework */; };
/* End PBXBuildFile section */

/* Begin PBXFileReference section */
		B75135971B09D7920028B727 /* MeloDemo.app */ = {isa = PBXFileReference; explicitFileType = wrapper.application; includeInIndex = 0; path = MeloDemo.app; sourceTree = BUILT_PRODUCTS_DIR; };
		B772C1F11B0C6A86007D89EB /* MDAppDelegate.cpp */ = {isa = PBXFileReference; fileEncoding = 4; lastKnownFileType = sourcecode.cpp.cpp; name = MDAppDelegate.cpp; path = ../MeloDemo/MDAppDelegate.cpp; sourceTree = "<group>"; };
		B772C1F21B0C6A86007D89EB /* MDAppDelegate.h */ = {isa = PBXFileReference; fileEncoding = 4; lastKnownFileType = sourcecode.c.h; name = MDAppDelegate.h; path = ../MeloDemo/MDAppDelegate.h; sourceTree = "<group>"; };
		B772C1F31B0C6A86007D89EB /* MDGameScene.cpp */ = {isa = PBXFileReference; fileEncoding = 4; lastKnownFileType = sourcecode.cpp.cpp; name = MDGameScene.cpp; path = ../MeloDemo/MDGameScene.cpp; sourceTree = "<group>"; };
		B772C1F41B0C6A86007D89EB /* MDGameScene.h */ = {isa = PBXFileReference; fileEncoding = 4; lastKnownFileType = sourcecode.c.h; name = MDGameScene.h; path = ../MeloDemo/MDGameScene.h; sourceTree = "<group>"; };
		B772C1F51B0C6A86007D89EB /* MDLuaWrapper.cpp */ = {isa = PBXFileReference; fileEncoding = 4; lastKnownFileType = sourcecode.cpp.cpp; name = MDLuaWrapper.cpp; path = ../MeloDemo/MDLuaWrapper.cpp; sourceTree = "<group>"; };
		B772C1F61B0C6A86007D89EB /* MDLuaWrapper.h */ = {isa = PBXFileReference; fileEncoding = 4; lastKnownFileType = sourcecode.c.h; name = MDLuaWrapper.h; path = ../MeloDemo/MDLuaWrapper.h; sourceTree = "<group>"; };
		B79456231B09D81C00FBB802 /* Info.plist */ = {isa = PBXFileReference; fileEncoding = 4; lastKnownFileType = text.plist.xml; path = Info.plist; sourceTree = "<group>"; };
		B79456241B09D81C00FBB802 /* main.m */ = {isa = PBXFileReference; fileEncoding = 4; lastKnownFileType = sourcecode.c.objc; path = main.m; sourceTree = "<group>"; };
		B79456271B09D83000FBB802 /* AppController.h */ = {isa = PBXFileReference; fileEncoding = 4; lastKnownFileType = sourcecode.c.h; path = AppController.h; sourceTree = "<group>"; };
		B79456281B09D83000FBB802 /* AppController.mm */ = {isa = PBXFileReference; fileEncoding = 4; lastKnownFileType = sourcecode.cpp.objcpp; path = AppController.mm; sourceTree = "<group>"; };
		B79456291B09D83000FBB802 /* Prefix.pch */ = {isa = PBXFileReference; fileEncoding = 4; lastKnownFileType = sourcecode.c.h; path = Prefix.pch; sourceTree = "<group>"; };
		B794562A1B09D83000FBB802 /* RootViewController.h */ = {isa = PBXFileReference; fileEncoding = 4; lastKnownFileType = sourcecode.c.h; path = RootViewController.h; sourceTree = "<group>"; };
		B794562B1B09D83000FBB802 /* RootViewController.mm */ = {isa = PBXFileReference; fileEncoding = 4; lastKnownFileType = sourcecode.cpp.objcpp; path = RootViewController.mm; sourceTree = "<group>"; };
		B7E04FE31B0F364E00913ED1 /* Default-568h@2x.png */ = {isa = PBXFileReference; lastKnownFileType = image.png; path = "Default-568h@2x.png"; sourceTree = "<group>"; };
		B7E04FE71B0F398900913ED1 /* libcocos2d iOS.a */ = {isa = PBXFileReference; lastKnownFileType = archive.ar; name = "libcocos2d iOS.a"; path = "../../cocos2d/build/build/Debug-iphoneos/libcocos2d iOS.a"; sourceTree = "<group>"; };
		B7E04FE91B0F398E00913ED1 /* libMelo.a */ = {isa = PBXFileReference; lastKnownFileType = archive.ar; name = libMelo.a; path = "../../proj.ios/build/Debug-iphoneos/libMelo.a"; sourceTree = "<group>"; };
		B7F3C2491B0F3F5A00E78093 /* background.png */ = {isa = PBXFileReference; lastKnownFileType = image.png; name = background.png; path = ../Resources/background.png; sourceTree = "<group>"; };
		B7F3C24A1B0F3F5A00E78093 /* fonts */ = {isa = PBXFileReference; lastKnownFileType = folder; name = fonts; path = ../Resources/fonts; sourceTree = "<group>"; };
		B7F3C24B1B0F3F5A00E78093 /* helloworld.png */ = {isa = PBXFileReference; lastKnownFileType = image.png; name = helloworld.png; path = ../Resources/helloworld.png; sourceTree = "<group>"; };
		B7F3C24C1B0F3F5A00E78093 /* mdstart.lua */ = {isa = PBXFileReference; fileEncoding = 4; lastKnownFileType = text; name = mdstart.lua; path = ../Resources/mdstart.lua; sourceTree = "<group>"; };
		B7F41BCF1B09E57300F7ED34 /* OpenGLES.framework */ = {isa = PBXFileReference; lastKnownFileType = wrapper.framework; name = OpenGLES.framework; path = System/Library/Frameworks/OpenGLES.framework; sourceTree = SDKROOT; };
		B7F41BD31B09E9D000F7ED34 /* AudioUnit.framework */ = {isa = PBXFileReference; lastKnownFileType = wrapper.framework; name = AudioUnit.framework; path = System/Library/Frameworks/AudioUnit.framework; sourceTree = SDKROOT; };
		B7F41BD41B09E9D000F7ED34 /* AVFoundation.framework */ = {isa = PBXFileReference; lastKnownFileType = wrapper.framework; name = AVFoundation.framework; path = System/Library/Frameworks/AVFoundation.framework; sourceTree = SDKROOT; };
		B7F41BD71B09E9F400F7ED34 /* CoreGraphics.framework */ = {isa = PBXFileReference; lastKnownFileType = wrapper.framework; name = CoreGraphics.framework; path = System/Library/Frameworks/CoreGraphics.framework; sourceTree = SDKROOT; };
		B7F41BD81B09E9F400F7ED34 /* CoreMotion.framework */ = {isa = PBXFileReference; lastKnownFileType = wrapper.framework; name = CoreMotion.framework; path = System/Library/Frameworks/CoreMotion.framework; sourceTree = SDKROOT; };
		B7F41BD91B09E9F400F7ED34 /* Foundation.framework */ = {isa = PBXFileReference; lastKnownFileType = wrapper.framework; name = Foundation.framework; path = System/Library/Frameworks/Foundation.framework; sourceTree = SDKROOT; };
		B7F41BDD1B09EA3000F7ED34 /* libz.dylib */ = {isa = PBXFileReference; lastKnownFileType = "compiled.mach-o.dylib"; name = libz.dylib; path = usr/lib/libz.dylib; sourceTree = SDKROOT; };
		B7F41BDE1B09EA3000F7ED34 /* UIKit.framework */ = {isa = PBXFileReference; lastKnownFileType = wrapper.framework; name = UIKit.framework; path = System/Library/Frameworks/UIKit.framework; sourceTree = SDKROOT; };
		B7F41BE11B09EA6900F7ED34 /* AudioToolbox.framework */ = {isa = PBXFileReference; lastKnownFileType = wrapper.framework; name = AudioToolbox.framework; path = System/Library/Frameworks/AudioToolbox.framework; sourceTree = SDKROOT; };
		B7F41BF11B09F16C00F7ED34 /* OpenAL.framework */ = {isa = PBXFileReference; lastKnownFileType = wrapper.framework; name = OpenAL.framework; path = System/Library/Frameworks/OpenAL.framework; sourceTree = SDKROOT; };
		B7F41BF31B09F17800F7ED34 /* QuartzCore.framework */ = {isa = PBXFileReference; lastKnownFileType = wrapper.framework; name = QuartzCore.framework; path = System/Library/Frameworks/QuartzCore.framework; sourceTree = SDKROOT; };
/* End PBXFileReference section */

/* Begin PBXFrameworksBuildPhase section */
		B75135941B09D7920028B727 /* Frameworks */ = {
			isa = PBXFrameworksBuildPhase;
			buildActionMask = 2147483647;
			files = (
				B7E04FEA1B0F398E00913ED1 /* libMelo.a in Frameworks */,
				B7E04FE81B0F398900913ED1 /* libcocos2d iOS.a in Frameworks */,
				B7F41C071B09FC8500F7ED34 /* AudioToolbox.framework in Frameworks */,
				B7F41BDC1B09E9F400F7ED34 /* Foundation.framework in Frameworks */,
				B7F41BF41B09F17800F7ED34 /* QuartzCore.framework in Frameworks */,
				B7F41BF21B09F16C00F7ED34 /* OpenAL.framework in Frameworks */,
				B7F41BDF1B09EA3000F7ED34 /* libz.dylib in Frameworks */,
				B7F41BE01B09EA3000F7ED34 /* UIKit.framework in Frameworks */,
				B7F41BDA1B09E9F400F7ED34 /* CoreGraphics.framework in Frameworks */,
				B7F41BDB1B09E9F400F7ED34 /* CoreMotion.framework in Frameworks */,
				B7F41BD61B09E9D000F7ED34 /* AVFoundation.framework in Frameworks */,
				B7F41BD01B09E57300F7ED34 /* OpenGLES.framework in Frameworks */,
			);
			runOnlyForDeploymentPostprocessing = 0;
		};
/* End PBXFrameworksBuildPhase section */

/* Begin PBXGroup section */
		B751358E1B09D7920028B727 = {
			isa = PBXGroup;
			children = (
				B7E04FE11B0F302D00913ED1 /* Frameworks */,
				B7E04FE01B0F301C00913ED1 /* Resources */,
				B772C1F11B0C6A86007D89EB /* MDAppDelegate.cpp */,
				B772C1F21B0C6A86007D89EB /* MDAppDelegate.h */,
				B772C1F31B0C6A86007D89EB /* MDGameScene.cpp */,
				B772C1F41B0C6A86007D89EB /* MDGameScene.h */,
				B772C1F51B0C6A86007D89EB /* MDLuaWrapper.cpp */,
				B772C1F61B0C6A86007D89EB /* MDLuaWrapper.h */,
				B79456271B09D83000FBB802 /* AppController.h */,
				B79456281B09D83000FBB802 /* AppController.mm */,
				B79456291B09D83000FBB802 /* Prefix.pch */,
				B794562A1B09D83000FBB802 /* RootViewController.h */,
				B794562B1B09D83000FBB802 /* RootViewController.mm */,
				B79456241B09D81C00FBB802 /* main.m */,
				B75135981B09D7920028B727 /* Products */,
			);
			sourceTree = "<group>";
		};
		B75135981B09D7920028B727 /* Products */ = {
			isa = PBXGroup;
			children = (
				B75135971B09D7920028B727 /* MeloDemo.app */,
			);
			name = Products;
			sourceTree = "<group>";
		};
		B7E04FE01B0F301C00913ED1 /* Resources */ = {
			isa = PBXGroup;
			children = (
				B7F3C2491B0F3F5A00E78093 /* background.png */,
				B7F3C24A1B0F3F5A00E78093 /* fonts */,
				B7F3C24B1B0F3F5A00E78093 /* helloworld.png */,
				B7F3C24C1B0F3F5A00E78093 /* mdstart.lua */,
				B7E04FE31B0F364E00913ED1 /* Default-568h@2x.png */,
				B79456231B09D81C00FBB802 /* Info.plist */,
			);
			name = Resources;
			sourceTree = "<group>";
		};
		B7E04FE11B0F302D00913ED1 /* Frameworks */ = {
			isa = PBXGroup;
			children = (
				B7E04FE91B0F398E00913ED1 /* libMelo.a */,
				B7E04FE71B0F398900913ED1 /* libcocos2d iOS.a */,
				B7F41BF31B09F17800F7ED34 /* QuartzCore.framework */,
				B7F41BF11B09F16C00F7ED34 /* OpenAL.framework */,
				B7F41BE11B09EA6900F7ED34 /* AudioToolbox.framework */,
				B7F41BDD1B09EA3000F7ED34 /* libz.dylib */,
				B7F41BDE1B09EA3000F7ED34 /* UIKit.framework */,
				B7F41BD71B09E9F400F7ED34 /* CoreGraphics.framework */,
				B7F41BD81B09E9F400F7ED34 /* CoreMotion.framework */,
				B7F41BD91B09E9F400F7ED34 /* Foundation.framework */,
				B7F41BD31B09E9D000F7ED34 /* AudioUnit.framework */,
				B7F41BD41B09E9D000F7ED34 /* AVFoundation.framework */,
				B7F41BCF1B09E57300F7ED34 /* OpenGLES.framework */,
			);
			name = Frameworks;
			sourceTree = "<group>";
		};
/* End PBXGroup section */

/* Begin PBXNativeTarget section */
		B75135961B09D7920028B727 /* MeloDemo */ = {
			isa = PBXNativeTarget;
			buildConfigurationList = B75135BD1B09D7920028B727 /* Build configuration list for PBXNativeTarget "MeloDemo" */;
			buildPhases = (
				B75135931B09D7920028B727 /* Sources */,
				B75135941B09D7920028B727 /* Frameworks */,
				B75135951B09D7920028B727 /* Resources */,
			);
			buildRules = (
			);
			dependencies = (
			);
			name = MeloDemo;
			productName = MeloDemo;
			productReference = B75135971B09D7920028B727 /* MeloDemo.app */;
			productType = "com.apple.product-type.application";
		};
/* End PBXNativeTarget section */

/* Begin PBXProject section */
		B751358F1B09D7920028B727 /* Project object */ = {
			isa = PBXProject;
			attributes = {
				LastUpgradeCheck = 0630;
				ORGANIZATIONNAME = hsiaoyi;
				TargetAttributes = {
					B75135961B09D7920028B727 = {
						CreatedOnToolsVersion = 6.3.1;
					};
				};
			};
			buildConfigurationList = B75135921B09D7920028B727 /* Build configuration list for PBXProject "MeloDemo" */;
			compatibilityVersion = "Xcode 3.2";
			developmentRegion = English;
			hasScannedForEncodings = 0;
			knownRegions = (
				en,
				Base,
			);
			mainGroup = B751358E1B09D7920028B727;
			productRefGroup = B75135981B09D7920028B727 /* Products */;
			projectDirPath = "";
			projectRoot = "";
			targets = (
				B75135961B09D7920028B727 /* MeloDemo */,
			);
		};
/* End PBXProject section */

/* Begin PBXResourcesBuildPhase section */
		B75135951B09D7920028B727 /* Resources */ = {
			isa = PBXResourcesBuildPhase;
			buildActionMask = 2147483647;
			files = (
				B7F3C24F1B0F3F5A00E78093 /* helloworld.png in Resources */,
				B7E04FEB1B0F3A7800913ED1 /* Info.plist in Resources */,
				B7F3C2501B0F3F5A00E78093 /* mdstart.lua in Resources */,
				B7F3C24D1B0F3F5A00E78093 /* background.png in Resources */,
				B7E04FE41B0F364E00913ED1 /* Default-568h@2x.png in Resources */,
				B7F3C24E1B0F3F5A00E78093 /* fonts in Resources */,
			);
			runOnlyForDeploymentPostprocessing = 0;
		};
/* End PBXResourcesBuildPhase section */

/* Begin PBXSourcesBuildPhase section */
		B75135931B09D7920028B727 /* Sources */ = {
			isa = PBXSourcesBuildPhase;
			buildActionMask = 2147483647;
			files = (
				B79456261B09D81C00FBB802 /* main.m in Sources */,
				B794562D1B09D83000FBB802 /* RootViewController.mm in Sources */,
				B794562C1B09D83000FBB802 /* AppController.mm in Sources */,
				B772C1F91B0C6A86007D89EB /* MDLuaWrapper.cpp in Sources */,
				B772C1F71B0C6A86007D89EB /* MDAppDelegate.cpp in Sources */,
				B772C1F81B0C6A86007D89EB /* MDGameScene.cpp in Sources */,
			);
			runOnlyForDeploymentPostprocessing = 0;
		};
/* End PBXSourcesBuildPhase section */

/* Begin XCBuildConfiguration section */
		B75135BB1B09D7920028B727 /* Debug */ = {
			isa = XCBuildConfiguration;
			buildSettings = {
				ALWAYS_SEARCH_USER_PATHS = YES;
				CLANG_CXX_LANGUAGE_STANDARD = "c++0x";
				CLANG_CXX_LIBRARY = "libc++";
				CLANG_ENABLE_MODULES = NO;
				CLANG_ENABLE_OBJC_ARC = YES;
				CLANG_WARN_BOOL_CONVERSION = YES;
				CLANG_WARN_CONSTANT_CONVERSION = YES;
				CLANG_WARN_DIRECT_OBJC_ISA_USAGE = YES_ERROR;
				CLANG_WARN_EMPTY_BODY = YES;
				CLANG_WARN_ENUM_CONVERSION = YES;
				CLANG_WARN_INT_CONVERSION = YES;
				CLANG_WARN_OBJC_ROOT_CLASS = YES_ERROR;
				CLANG_WARN_UNREACHABLE_CODE = YES;
				CLANG_WARN__DUPLICATE_METHOD_MATCH = YES;
				"CODE_SIGN_IDENTITY[sdk=iphoneos*]" = "iPhone Developer";
				COPY_PHASE_STRIP = YES;
				DEBUG_INFORMATION_FORMAT = "dwarf-with-dsym";
				ENABLE_STRICT_OBJC_MSGSEND = YES;
				GCC_C_LANGUAGE_STANDARD = c99;
				GCC_DYNAMIC_NO_PIC = NO;
				GCC_NO_COMMON_BLOCKS = YES;
				GCC_OPTIMIZATION_LEVEL = 0;
				GCC_PREPROCESSOR_DEFINITIONS = (
					"DEBUG=1",
					"$(inherited)",
					"COCOS2D_DEBUG=1",
					USE_COCOS2DX,
					MELO_SUPPORT,
				);
				GCC_SYMBOLS_PRIVATE_EXTERN = NO;
				GCC_WARN_64_TO_32_BIT_CONVERSION = YES;
				GCC_WARN_ABOUT_RETURN_TYPE = YES_ERROR;
				GCC_WARN_UNDECLARED_SELECTOR = YES;
				GCC_WARN_UNINITIALIZED_AUTOS = YES_AGGRESSIVE;
				GCC_WARN_UNUSED_FUNCTION = YES;
				GCC_WARN_UNUSED_VARIABLE = YES;
				INFOPLIST_FILE = "";
				IPHONEOS_DEPLOYMENT_TARGET = 8.3;
				LIBRARY_SEARCH_PATHS = (
					"$(SRCROOT)/../../cocos2d/external/freetype2/prebuilt/ios",
					"$(SRCROOT)/../../cocos2d/external/lua/luajit/prebuilt/ios",
				);
				MTL_ENABLE_DEBUG_INFO = YES;
				ONLY_ACTIVE_ARCH = YES;
				SDKROOT = iphoneos;
				TARGETED_DEVICE_FAMILY = "1,2";
				USER_HEADER_SEARCH_PATHS = "$(SRCROOT)/../../cocos2d/cocos $(SRCROOT)/../../Melo/ $(SRCROOT)/../../cocos2d/external/lua/luajit/include $(SRCROOT)/../../cocos2d/external/freetype2/include/ios $(SRCROOT)/../../cocos/platform/ios/Simulation";
				VALID_ARCHS = "armv7 armv7s arm64";
			};
			name = Debug;
		};
		B75135BC1B09D7920028B727 /* Release */ = {
			isa = XCBuildConfiguration;
			buildSettings = {
				ALWAYS_SEARCH_USER_PATHS = YES;
				CLANG_CXX_LANGUAGE_STANDARD = "c++0x";
				CLANG_CXX_LIBRARY = "libc++";
				CLANG_ENABLE_MODULES = NO;
				CLANG_ENABLE_OBJC_ARC = YES;
				CLANG_WARN_BOOL_CONVERSION = YES;
				CLANG_WARN_CONSTANT_CONVERSION = YES;
				CLANG_WARN_DIRECT_OBJC_ISA_USAGE = YES_ERROR;
				CLANG_WARN_EMPTY_BODY = YES;
				CLANG_WARN_ENUM_CONVERSION = YES;
				CLANG_WARN_INT_CONVERSION = YES;
				CLANG_WARN_OBJC_ROOT_CLASS = YES_ERROR;
				CLANG_WARN_UNREACHABLE_CODE = YES;
				CLANG_WARN__DUPLICATE_METHOD_MATCH = YES;
				"CODE_SIGN_IDENTITY[sdk=iphoneos*]" = "iPhone Developer";
				COPY_PHASE_STRIP = YES;
				DEBUG_INFORMATION_FORMAT = "dwarf-with-dsym";
				ENABLE_NS_ASSERTIONS = NO;
				ENABLE_STRICT_OBJC_MSGSEND = YES;
				GCC_C_LANGUAGE_STANDARD = c99;
				GCC_NO_COMMON_BLOCKS = YES;
				GCC_WARN_64_TO_32_BIT_CONVERSION = YES;
				GCC_WARN_ABOUT_RETURN_TYPE = YES_ERROR;
				GCC_WARN_UNDECLARED_SELECTOR = YES;
				GCC_WARN_UNINITIALIZED_AUTOS = YES_AGGRESSIVE;
				GCC_WARN_UNUSED_FUNCTION = YES;
				GCC_WARN_UNUSED_VARIABLE = YES;
				INFOPLIST_FILE = "";
				IPHONEOS_DEPLOYMENT_TARGET = 8.3;
				LIBRARY_SEARCH_PATHS = (
					"$(SRCROOT)/../../cocos2d/external/freetype2/prebuilt/ios",
					"$(SRCROOT)/../../cocos2d/external/lua/luajit/prebuilt/ios",
				);
				MTL_ENABLE_DEBUG_INFO = NO;
				SDKROOT = iphoneos;
				TARGETED_DEVICE_FAMILY = "1,2";
				USER_HEADER_SEARCH_PATHS = "$(SRCROOT)/../../cocos2d/cocos $(SRCROOT)/../../Melo/ $(SRCROOT)/../../cocos2d/external/lua/luajit/include $(SRCROOT)/../../cocos2d/external/freetype2/include/ios $(SRCROOT)/../../cocos/platform/ios/Simulation";
				VALIDATE_PRODUCT = YES;
				VALID_ARCHS = "armv7 armv7s arm64";
			};
			name = Release;
		};
		B75135BE1B09D7920028B727 /* Debug */ = {
			isa = XCBuildConfiguration;
			buildSettings = {
				ARCHS = "$(ARCHS_STANDARD)";
				ASSETCATALOG_COMPILER_APPICON_NAME = AppIcon;
				CLANG_ENABLE_MODULES = NO;
				CLANG_ENABLE_OBJC_ARC = NO;
				COPY_PHASE_STRIP = NO;
				GCC_C_LANGUAGE_STANDARD = c99;
				GCC_NO_COMMON_BLOCKS = YES;
				GCC_PRECOMPILE_PREFIX_HEADER = YES;
				GCC_PREPROCESSOR_DEFINITIONS = (
					"DEBUG=1",
					"$(inherited)",
					"COCOS2D_DEBUG=1",
					USE_COCOS2DX,
					CC_TARGET_OS_IPHONE,
					TARGET_IOS,
				);
				GCC_SYMBOLS_PRIVATE_EXTERN = YES;
				INFOPLIST_FILE = Info.plist;
				IPHONEOS_DEPLOYMENT_TARGET = 8.3;
				LD_RUNPATH_SEARCH_PATHS = "$(inherited)";
				LIBRARY_SEARCH_PATHS = (
					"$(inherited)",
					"$(PROJECT_DIR)/build/Debug-iphoneos",
					"/Users/hsiaoyi/Documents/GB/Melo/cocos2d/build/build/Debug-iphoneos",
					/Users/hsiaoyi/Documents/GB/Melo/cocos2d/external/freetype2/prebuilt/ios,
					/Users/hsiaoyi/Documents/GB/Melo/cocos2d/external/lua/luajit/prebuilt/ios,
					"$(USER_LIBRARY_DIR)/Developer/Xcode/DerivedData/MeloDemo-dncqhrsgjrqsulbrlxbixazpcivx/Build/Products/Debug",
					"$(SRCROOT)/../cocos2d/cocos/platform/ios",
					/Users/hsiaoyi/Documents/GB/Melo/cocos2d/external/lua/lua/prebuilt/ios,
					"/Users/hsiaoyi/Documents/GB/Melo/proj.ios/build/Debug-iphoneos",
				);
				ONLY_ACTIVE_ARCH = YES;
				PRODUCT_NAME = "$(TARGET_NAME)";
				USER_HEADER_SEARCH_PATHS = "$(inherited) $(SRCROOT)/../../cocos2d/cocos/platform/ios";
				VALID_ARCHS = "armv7 armv7s arm64";
			};
			name = Debug;
		};
		B75135BF1B09D7920028B727 /* Release */ = {
			isa = XCBuildConfiguration;
			buildSettings = {
				ARCHS = "$(ARCHS_STANDARD)";
				ASSETCATALOG_COMPILER_APPICON_NAME = AppIcon;
				CLANG_ENABLE_MODULES = NO;
				CLANG_ENABLE_OBJC_ARC = NO;
				COPY_PHASE_STRIP = NO;
				GCC_C_LANGUAGE_STANDARD = c99;
				GCC_NO_COMMON_BLOCKS = YES;
				GCC_PRECOMPILE_PREFIX_HEADER = YES;
				GCC_SYMBOLS_PRIVATE_EXTERN = YES;
				INFOPLIST_FILE = Info.plist;
				IPHONEOS_DEPLOYMENT_TARGET = 8.3;
				LD_RUNPATH_SEARCH_PATHS = "$(inherited)";
				LIBRARY_SEARCH_PATHS = (
					"$(inherited)",
					"$(PROJECT_DIR)/build/Debug-iphoneos",
					"/Users/hsiaoyi/Documents/GB/Melo/cocos2d/build/build/Debug-iphoneos",
					/Users/hsiaoyi/Documents/GB/Melo/cocos2d/external/freetype2/prebuilt/ios,
					/Users/hsiaoyi/Documents/GB/Melo/cocos2d/external/lua/luajit/prebuilt/ios,
					"$(USER_LIBRARY_DIR)/Developer/Xcode/DerivedData/MeloDemo-dncqhrsgjrqsulbrlxbixazpcivx/Build/Products/Debug",
					"$(SRCROOT)/../cocos2d/cocos/platform/ios",
					/Users/hsiaoyi/Documents/GB/Melo/cocos2d/external/lua/lua/prebuilt/ios,
					"/Users/hsiaoyi/Documents/GB/Melo/proj.ios/build/Debug-iphoneos",
				);
				ONLY_ACTIVE_ARCH = NO;
				PRODUCT_NAME = "$(TARGET_NAME)";
				USER_HEADER_SEARCH_PATHS = "$(inherited) $(SRCROOT)/../../cocos2d/cocos/platform/ios";
				VALID_ARCHS = "armv7 armv7s arm64";
			};
			name = Release;
		};
/* End XCBuildConfiguration section */

/* Begin XCConfigurationList section */
		B75135921B09D7920028B727 /* Build configuration list for PBXProject "MeloDemo" */ = {
			isa = XCConfigurationList;
			buildConfigurations = (
				B75135BB1B09D7920028B727 /* Debug */,
				B75135BC1B09D7920028B727 /* Release */,
			);
			defaultConfigurationIsVisible = 0;
			defaultConfigurationName = Release;
		};
		B75135BD1B09D7920028B727 /* Build configuration list for PBXNativeTarget "MeloDemo" */ = {
			isa = XCConfigurationList;
			buildConfigurations = (
				B75135BE1B09D7920028B727 /* Debug */,
				B75135BF1B09D7920028B727 /* Release */,
			);
			defaultConfigurationIsVisible = 0;
			defaultConfigurationName = Release;
		};
/* End XCConfigurationList section */
	};
	rootObject = B751358F1B09D7920028B727 /* Project object */;
}
