// !$*UTF8*$!
{
	archiveVersion = 1;
	classes = {
	};
	objectVersion = 46;
	objects = {

/* Begin PBXBuildFile section */
		B75135321B09D5070028B727 /* MLApp.cpp in Sources */ = {isa = PBXBuildFile; fileRef = B75135121B09D5070028B727 /* MLApp.cpp */; };
		B75135331B09D5070028B727 /* MLAppDelegate.cpp in Sources */ = {isa = PBXBuildFile; fileRef = B75135141B09D5070028B727 /* MLAppDelegate.cpp */; };
		B75135341B09D5070028B727 /* MLBaseLayer.cpp in Sources */ = {isa = PBXBuildFile; fileRef = B75135171B09D5070028B727 /* MLBaseLayer.cpp */; };
		B75135351B09D5070028B727 /* MLCCScene.cpp in Sources */ = {isa = PBXBuildFile; fileRef = B75135191B09D5070028B727 /* MLCCScene.cpp */; };
		B75135361B09D5070028B727 /* MLFontMgr.cpp in Sources */ = {isa = PBXBuildFile; fileRef = B751351B1B09D5070028B727 /* MLFontMgr.cpp */; };
		B75135371B09D5070028B727 /* MLInputMgr.cpp in Sources */ = {isa = PBXBuildFile; fileRef = B751351D1B09D5070028B727 /* MLInputMgr.cpp */; };
		B75135381B09D5070028B727 /* MLLabel.cpp in Sources */ = {isa = PBXBuildFile; fileRef = B751351F1B09D5070028B727 /* MLLabel.cpp */; };
		B75135391B09D5070028B727 /* MLLayer.cpp in Sources */ = {isa = PBXBuildFile; fileRef = B75135211B09D5070028B727 /* MLLayer.cpp */; };
		B751353B1B09D5070028B727 /* MLMath.cpp in Sources */ = {isa = PBXBuildFile; fileRef = B75135251B09D5070028B727 /* MLMath.cpp */; };
		B751353C1B09D5070028B727 /* MLSceneMgr.cpp in Sources */ = {isa = PBXBuildFile; fileRef = B75135281B09D5070028B727 /* MLSceneMgr.cpp */; };
		B751353D1B09D5070028B727 /* MLScriptMgr.cpp in Sources */ = {isa = PBXBuildFile; fileRef = B751352A1B09D5070028B727 /* MLScriptMgr.cpp */; };
		B751353E1B09D5070028B727 /* MLSprite.cpp in Sources */ = {isa = PBXBuildFile; fileRef = B751352C1B09D5070028B727 /* MLSprite.cpp */; };
		B751353F1B09D5070028B727 /* MLTTFFont.cpp in Sources */ = {isa = PBXBuildFile; fileRef = B751352F1B09D5070028B727 /* MLTTFFont.cpp */; };
		B7F41BE81B09EBDF00F7ED34 /* libfreetype.a in Frameworks */ = {isa = PBXBuildFile; fileRef = B7F41BE71B09EBDF00F7ED34 /* libfreetype.a */; };
		B7F41BEA1B09EBF000F7ED34 /* libluajit.a in Frameworks */ = {isa = PBXBuildFile; fileRef = B7F41BE91B09EBF000F7ED34 /* libluajit.a */; };
		E0CBAD4C1B6E227E00889E97 /* liblua.a in Frameworks */ = {isa = PBXBuildFile; fileRef = E0CBAD4B1B6E227E00889E97 /* liblua.a */; };
/* End PBXBuildFile section */

/* Begin PBXContainerItemProxy section */
		E06DDD5B1B6E49F300E681C6 /* PBXContainerItemProxy */ = {
			isa = PBXContainerItemProxy;
			containerPortal = B7F41BC21B09E40F00F7ED34 /* cocos2d_libs.xcodeproj */;
			proxyType = 2;
			remoteGlobalIDString = 1551A33F158F2AB200E66CFE;
			remoteInfo = "libcocos2d Mac";
		};
		E06DDD5D1B6E49F300E681C6 /* PBXContainerItemProxy */ = {
			isa = PBXContainerItemProxy;
			containerPortal = B7F41BC21B09E40F00F7ED34 /* cocos2d_libs.xcodeproj */;
			proxyType = 2;
			remoteGlobalIDString = A07A4D641783777C0073F6A7;
			remoteInfo = "libcocos2d iOS";
		};
		E06DDD5F1B6E542B00E681C6 /* PBXContainerItemProxy */ = {
			isa = PBXContainerItemProxy;
			containerPortal = B7F41BC21B09E40F00F7ED34 /* cocos2d_libs.xcodeproj */;
			proxyType = 1;
			remoteGlobalIDString = A07A4C241783777C0073F6A7;
			remoteInfo = "libcocos2d iOS";
		};
/* End PBXContainerItemProxy section */

/* Begin PBXCopyFilesBuildPhase section */
		B75134951B09D2390028B727 /* CopyFiles */ = {
			isa = PBXCopyFilesBuildPhase;
			buildActionMask = 2147483647;
			dstPath = "include/$(PRODUCT_NAME)";
			dstSubfolderSpec = 16;
			files = (
			);
			runOnlyForDeploymentPostprocessing = 0;
		};
/* End PBXCopyFilesBuildPhase section */

/* Begin PBXFileReference section */
		B75134971B09D2390028B727 /* libMelo.a */ = {isa = PBXFileReference; explicitFileType = archive.ar; includeInIndex = 0; path = libMelo.a; sourceTree = BUILT_PRODUCTS_DIR; };
		B75135101B09D5070028B727 /* Melo.h */ = {isa = PBXFileReference; fileEncoding = 4; lastKnownFileType = sourcecode.c.h; name = Melo.h; path = ../Melo/Melo.h; sourceTree = "<group>"; };
		B75135121B09D5070028B727 /* MLApp.cpp */ = {isa = PBXFileReference; fileEncoding = 4; lastKnownFileType = sourcecode.cpp.cpp; name = MLApp.cpp; path = ../Melo/MLApp.cpp; sourceTree = "<group>"; };
		B75135131B09D5070028B727 /* MLApp.h */ = {isa = PBXFileReference; fileEncoding = 4; lastKnownFileType = sourcecode.c.h; name = MLApp.h; path = ../Melo/MLApp.h; sourceTree = "<group>"; };
		B75135141B09D5070028B727 /* MLAppDelegate.cpp */ = {isa = PBXFileReference; fileEncoding = 4; lastKnownFileType = sourcecode.cpp.cpp; name = MLAppDelegate.cpp; path = ../Melo/MLAppDelegate.cpp; sourceTree = "<group>"; };
		B75135151B09D5070028B727 /* MLAppDelegate.h */ = {isa = PBXFileReference; fileEncoding = 4; lastKnownFileType = sourcecode.c.h; name = MLAppDelegate.h; path = ../Melo/MLAppDelegate.h; sourceTree = "<group>"; };
		B75135161B09D5070028B727 /* MLBase.h */ = {isa = PBXFileReference; fileEncoding = 4; lastKnownFileType = sourcecode.c.h; name = MLBase.h; path = ../Melo/MLBase.h; sourceTree = "<group>"; };
		B75135171B09D5070028B727 /* MLBaseLayer.cpp */ = {isa = PBXFileReference; fileEncoding = 4; lastKnownFileType = sourcecode.cpp.cpp; name = MLBaseLayer.cpp; path = ../Melo/MLBaseLayer.cpp; sourceTree = "<group>"; };
		B75135181B09D5070028B727 /* MLBaseLayer.h */ = {isa = PBXFileReference; fileEncoding = 4; lastKnownFileType = sourcecode.c.h; name = MLBaseLayer.h; path = ../Melo/MLBaseLayer.h; sourceTree = "<group>"; };
		B75135191B09D5070028B727 /* MLCCScene.cpp */ = {isa = PBXFileReference; fileEncoding = 4; lastKnownFileType = sourcecode.cpp.cpp; name = MLCCScene.cpp; path = ../Melo/MLCCScene.cpp; sourceTree = "<group>"; };
		B751351A1B09D5070028B727 /* MLCCScene.h */ = {isa = PBXFileReference; fileEncoding = 4; lastKnownFileType = sourcecode.c.h; name = MLCCScene.h; path = ../Melo/MLCCScene.h; sourceTree = "<group>"; };
		B751351B1B09D5070028B727 /* MLFontMgr.cpp */ = {isa = PBXFileReference; fileEncoding = 4; lastKnownFileType = sourcecode.cpp.cpp; name = MLFontMgr.cpp; path = ../Melo/MLFontMgr.cpp; sourceTree = "<group>"; };
		B751351C1B09D5070028B727 /* MLFontMgr.h */ = {isa = PBXFileReference; fileEncoding = 4; lastKnownFileType = sourcecode.c.h; name = MLFontMgr.h; path = ../Melo/MLFontMgr.h; sourceTree = "<group>"; };
		B751351D1B09D5070028B727 /* MLInputMgr.cpp */ = {isa = PBXFileReference; fileEncoding = 4; lastKnownFileType = sourcecode.cpp.cpp; name = MLInputMgr.cpp; path = ../Melo/MLInputMgr.cpp; sourceTree = "<group>"; };
		B751351E1B09D5070028B727 /* MLInputMgr.h */ = {isa = PBXFileReference; fileEncoding = 4; lastKnownFileType = sourcecode.c.h; name = MLInputMgr.h; path = ../Melo/MLInputMgr.h; sourceTree = "<group>"; };
		B751351F1B09D5070028B727 /* MLLabel.cpp */ = {isa = PBXFileReference; fileEncoding = 4; lastKnownFileType = sourcecode.cpp.cpp; name = MLLabel.cpp; path = ../Melo/MLLabel.cpp; sourceTree = "<group>"; };
		B75135201B09D5070028B727 /* MLLabel.h */ = {isa = PBXFileReference; fileEncoding = 4; lastKnownFileType = sourcecode.c.h; name = MLLabel.h; path = ../Melo/MLLabel.h; sourceTree = "<group>"; };
		B75135211B09D5070028B727 /* MLLayer.cpp */ = {isa = PBXFileReference; fileEncoding = 4; lastKnownFileType = sourcecode.cpp.cpp; name = MLLayer.cpp; path = ../Melo/MLLayer.cpp; sourceTree = "<group>"; };
		B75135221B09D5070028B727 /* MLLayer.h */ = {isa = PBXFileReference; fileEncoding = 4; lastKnownFileType = sourcecode.c.h; name = MLLayer.h; path = ../Melo/MLLayer.h; sourceTree = "<group>"; };
		B75135251B09D5070028B727 /* MLMath.cpp */ = {isa = PBXFileReference; fileEncoding = 4; lastKnownFileType = sourcecode.cpp.cpp; name = MLMath.cpp; path = ../Melo/MLMath.cpp; sourceTree = "<group>"; };
		B75135261B09D5070028B727 /* MLMath.h */ = {isa = PBXFileReference; fileEncoding = 4; lastKnownFileType = sourcecode.c.h; name = MLMath.h; path = ../Melo/MLMath.h; sourceTree = "<group>"; };
		B75135271B09D5070028B727 /* MLPlatform.h */ = {isa = PBXFileReference; fileEncoding = 4; lastKnownFileType = sourcecode.c.h; name = MLPlatform.h; path = ../Melo/MLPlatform.h; sourceTree = "<group>"; };
		B75135281B09D5070028B727 /* MLSceneMgr.cpp */ = {isa = PBXFileReference; fileEncoding = 4; lastKnownFileType = sourcecode.cpp.cpp; name = MLSceneMgr.cpp; path = ../Melo/MLSceneMgr.cpp; sourceTree = "<group>"; };
		B75135291B09D5070028B727 /* MLSceneMgr.h */ = {isa = PBXFileReference; fileEncoding = 4; lastKnownFileType = sourcecode.c.h; name = MLSceneMgr.h; path = ../Melo/MLSceneMgr.h; sourceTree = "<group>"; };
		B751352A1B09D5070028B727 /* MLScriptMgr.cpp */ = {isa = PBXFileReference; fileEncoding = 4; lastKnownFileType = sourcecode.cpp.cpp; name = MLScriptMgr.cpp; path = ../Melo/MLScriptMgr.cpp; sourceTree = "<group>"; };
		B751352B1B09D5070028B727 /* MLScriptMgr.h */ = {isa = PBXFileReference; fileEncoding = 4; lastKnownFileType = sourcecode.c.h; name = MLScriptMgr.h; path = ../Melo/MLScriptMgr.h; sourceTree = "<group>"; };
		B751352C1B09D5070028B727 /* MLSprite.cpp */ = {isa = PBXFileReference; fileEncoding = 4; lastKnownFileType = sourcecode.cpp.cpp; name = MLSprite.cpp; path = ../Melo/MLSprite.cpp; sourceTree = "<group>"; };
		B751352D1B09D5070028B727 /* MLSprite.h */ = {isa = PBXFileReference; fileEncoding = 4; lastKnownFileType = sourcecode.c.h; name = MLSprite.h; path = ../Melo/MLSprite.h; sourceTree = "<group>"; };
		B751352E1B09D5070028B727 /* MLTTFConfig.h */ = {isa = PBXFileReference; fileEncoding = 4; lastKnownFileType = sourcecode.c.h; name = MLTTFConfig.h; path = ../Melo/MLTTFConfig.h; sourceTree = "<group>"; };
		B751352F1B09D5070028B727 /* MLTTFFont.cpp */ = {isa = PBXFileReference; fileEncoding = 4; lastKnownFileType = sourcecode.cpp.cpp; name = MLTTFFont.cpp; path = ../Melo/MLTTFFont.cpp; sourceTree = "<group>"; };
		B75135301B09D5070028B727 /* MLTTFFont.h */ = {isa = PBXFileReference; fileEncoding = 4; lastKnownFileType = sourcecode.c.h; name = MLTTFFont.h; path = ../Melo/MLTTFFont.h; sourceTree = "<group>"; };
		B75135311B09D5070028B727 /* MLType.h */ = {isa = PBXFileReference; fileEncoding = 4; lastKnownFileType = sourcecode.c.h; name = MLType.h; path = ../Melo/MLType.h; sourceTree = "<group>"; };
		B7F41BC21B09E40F00F7ED34 /* cocos2d_libs.xcodeproj */ = {isa = PBXFileReference; lastKnownFileType = "wrapper.pb-project"; name = cocos2d_libs.xcodeproj; path = ../cocos2d/build/cocos2d_libs.xcodeproj; sourceTree = SOURCE_ROOT; };
		B7F41BE71B09EBDF00F7ED34 /* libfreetype.a */ = {isa = PBXFileReference; lastKnownFileType = archive.ar; name = libfreetype.a; path = ../cocos2d/external/freetype2/prebuilt/ios/libfreetype.a; sourceTree = SOURCE_ROOT; };
		B7F41BE91B09EBF000F7ED34 /* libluajit.a */ = {isa = PBXFileReference; lastKnownFileType = archive.ar; name = libluajit.a; path = ../cocos2d/external/lua/luajit/prebuilt/ios/libluajit.a; sourceTree = SOURCE_ROOT; };
		E0CBAD4B1B6E227E00889E97 /* liblua.a */ = {isa = PBXFileReference; lastKnownFileType = archive.ar; name = liblua.a; path = ../cocos2d/external/lua/lua/prebuilt/ios/liblua.a; sourceTree = SOURCE_ROOT; };
/* End PBXFileReference section */

/* Begin PBXFrameworksBuildPhase section */
		B75134941B09D2390028B727 /* Frameworks */ = {
			isa = PBXFrameworksBuildPhase;
			buildActionMask = 2147483647;
			files = (
				E0CBAD4C1B6E227E00889E97 /* liblua.a in Frameworks */,
				B7F41BEA1B09EBF000F7ED34 /* libluajit.a in Frameworks */,
				B7F41BE81B09EBDF00F7ED34 /* libfreetype.a in Frameworks */,
			);
			runOnlyForDeploymentPostprocessing = 0;
		};
/* End PBXFrameworksBuildPhase section */

/* Begin PBXGroup section */
		B751348E1B09D2390028B727 = {
			isa = PBXGroup;
			children = (
				E0CBAD4B1B6E227E00889E97 /* liblua.a */,
				B7F41BE91B09EBF000F7ED34 /* libluajit.a */,
				B7F41BE71B09EBDF00F7ED34 /* libfreetype.a */,
				B7F41BC21B09E40F00F7ED34 /* cocos2d_libs.xcodeproj */,
				B75135101B09D5070028B727 /* Melo.h */,
				B75135121B09D5070028B727 /* MLApp.cpp */,
				B75135131B09D5070028B727 /* MLApp.h */,
				B75135141B09D5070028B727 /* MLAppDelegate.cpp */,
				B75135151B09D5070028B727 /* MLAppDelegate.h */,
				B75135161B09D5070028B727 /* MLBase.h */,
				B75135171B09D5070028B727 /* MLBaseLayer.cpp */,
				B75135181B09D5070028B727 /* MLBaseLayer.h */,
				B75135191B09D5070028B727 /* MLCCScene.cpp */,
				B751351A1B09D5070028B727 /* MLCCScene.h */,
				B751351B1B09D5070028B727 /* MLFontMgr.cpp */,
				B751351C1B09D5070028B727 /* MLFontMgr.h */,
				B751351D1B09D5070028B727 /* MLInputMgr.cpp */,
				B751351E1B09D5070028B727 /* MLInputMgr.h */,
				B751351F1B09D5070028B727 /* MLLabel.cpp */,
				B75135201B09D5070028B727 /* MLLabel.h */,
				B75135211B09D5070028B727 /* MLLayer.cpp */,
				B75135221B09D5070028B727 /* MLLayer.h */,
				B75135251B09D5070028B727 /* MLMath.cpp */,
				B75135261B09D5070028B727 /* MLMath.h */,
				B75135271B09D5070028B727 /* MLPlatform.h */,
				B75135281B09D5070028B727 /* MLSceneMgr.cpp */,
				B75135291B09D5070028B727 /* MLSceneMgr.h */,
				B751352A1B09D5070028B727 /* MLScriptMgr.cpp */,
				B751352B1B09D5070028B727 /* MLScriptMgr.h */,
				B751352C1B09D5070028B727 /* MLSprite.cpp */,
				B751352D1B09D5070028B727 /* MLSprite.h */,
				B751352E1B09D5070028B727 /* MLTTFConfig.h */,
				B751352F1B09D5070028B727 /* MLTTFFont.cpp */,
				B75135301B09D5070028B727 /* MLTTFFont.h */,
				B75135311B09D5070028B727 /* MLType.h */,
				B75134981B09D2390028B727 /* Products */,
			);
			sourceTree = "<group>";
		};
		B75134981B09D2390028B727 /* Products */ = {
			isa = PBXGroup;
			children = (
				B75134971B09D2390028B727 /* libMelo.a */,
			);
			name = Products;
			sourceTree = "<group>";
		};
		E06DDD571B6E49F300E681C6 /* Products */ = {
			isa = PBXGroup;
			children = (
				E06DDD5C1B6E49F300E681C6 /* libcocos2d Mac.a */,
				E06DDD5E1B6E49F300E681C6 /* libcocos2d iOS.a */,
			);
			name = Products;
			sourceTree = "<group>";
		};
/* End PBXGroup section */

/* Begin PBXNativeTarget section */
		B75134961B09D2390028B727 /* Melo */ = {
			isa = PBXNativeTarget;
			buildConfigurationList = B75134AB1B09D23A0028B727 /* Build configuration list for PBXNativeTarget "Melo" */;
			buildPhases = (
				B75134931B09D2390028B727 /* Sources */,
				B75134941B09D2390028B727 /* Frameworks */,
				B75134951B09D2390028B727 /* CopyFiles */,
			);
			buildRules = (
			);
			dependencies = (
				E06DDD601B6E542B00E681C6 /* PBXTargetDependency */,
			);
			name = Melo;
			productName = Melo;
			productReference = B75134971B09D2390028B727 /* libMelo.a */;
			productType = "com.apple.product-type.library.static";
		};
/* End PBXNativeTarget section */

/* Begin PBXProject section */
		B751348F1B09D2390028B727 /* Project object */ = {
			isa = PBXProject;
			attributes = {
				LastUpgradeCheck = 0630;
				ORGANIZATIONNAME = hsiaoyi;
				TargetAttributes = {
					B75134961B09D2390028B727 = {
						CreatedOnToolsVersion = 6.3.1;
					};
				};
			};
			buildConfigurationList = B75134921B09D2390028B727 /* Build configuration list for PBXProject "Melo" */;
			compatibilityVersion = "Xcode 3.2";
			developmentRegion = English;
			hasScannedForEncodings = 0;
			knownRegions = (
				en,
			);
			mainGroup = B751348E1B09D2390028B727;
			productRefGroup = B75134981B09D2390028B727 /* Products */;
			projectDirPath = "";
			projectReferences = (
				{
					ProductGroup = E06DDD571B6E49F300E681C6 /* Products */;
					ProjectRef = B7F41BC21B09E40F00F7ED34 /* cocos2d_libs.xcodeproj */;
				},
			);
			projectRoot = "";
			targets = (
				B75134961B09D2390028B727 /* Melo */,
			);
		};
/* End PBXProject section */

/* Begin PBXReferenceProxy section */
		E06DDD5C1B6E49F300E681C6 /* libcocos2d Mac.a */ = {
			isa = PBXReferenceProxy;
			fileType = archive.ar;
			path = "libcocos2d Mac.a";
			remoteRef = E06DDD5B1B6E49F300E681C6 /* PBXContainerItemProxy */;
			sourceTree = BUILT_PRODUCTS_DIR;
		};
		E06DDD5E1B6E49F300E681C6 /* libcocos2d iOS.a */ = {
			isa = PBXReferenceProxy;
			fileType = archive.ar;
			path = "libcocos2d iOS.a";
			remoteRef = E06DDD5D1B6E49F300E681C6 /* PBXContainerItemProxy */;
			sourceTree = BUILT_PRODUCTS_DIR;
		};
/* End PBXReferenceProxy section */

/* Begin PBXSourcesBuildPhase section */
		B75134931B09D2390028B727 /* Sources */ = {
			isa = PBXSourcesBuildPhase;
			buildActionMask = 2147483647;
			files = (
				B751353B1B09D5070028B727 /* MLMath.cpp in Sources */,
				B75135371B09D5070028B727 /* MLInputMgr.cpp in Sources */,
				B751353E1B09D5070028B727 /* MLSprite.cpp in Sources */,
				B75135321B09D5070028B727 /* MLApp.cpp in Sources */,
				B751353D1B09D5070028B727 /* MLScriptMgr.cpp in Sources */,
				B75135391B09D5070028B727 /* MLLayer.cpp in Sources */,
				B751353C1B09D5070028B727 /* MLSceneMgr.cpp in Sources */,
				B75135381B09D5070028B727 /* MLLabel.cpp in Sources */,
				B75135341B09D5070028B727 /* MLBaseLayer.cpp in Sources */,
				B751353F1B09D5070028B727 /* MLTTFFont.cpp in Sources */,
				B75135361B09D5070028B727 /* MLFontMgr.cpp in Sources */,
				B75135331B09D5070028B727 /* MLAppDelegate.cpp in Sources */,
				B75135351B09D5070028B727 /* MLCCScene.cpp in Sources */,
			);
			runOnlyForDeploymentPostprocessing = 0;
		};
/* End PBXSourcesBuildPhase section */

/* Begin PBXTargetDependency section */
		E06DDD601B6E542B00E681C6 /* PBXTargetDependency */ = {
			isa = PBXTargetDependency;
			name = "libcocos2d iOS";
			targetProxy = E06DDD5F1B6E542B00E681C6 /* PBXContainerItemProxy */;
		};
/* End PBXTargetDependency section */

/* Begin XCBuildConfiguration section */
		B75134A91B09D23A0028B727 /* Debug */ = {
			isa = XCBuildConfiguration;
			buildSettings = {
				ALWAYS_SEARCH_USER_PATHS = YES;
				CLANG_CXX_LANGUAGE_STANDARD = "gnu++0x";
				CLANG_CXX_LIBRARY = "libc++";
				CLANG_ENABLE_MODULES = YES;
				CLANG_ENABLE_OBJC_ARC = YES;
				CLANG_WARN_BOOL_CONVERSION = YES;
				CLANG_WARN_CONSTANT_CONVERSION = YES;
				CLANG_WARN_DIRECT_OBJC_ISA_USAGE = YES_ERROR;
				CLANG_WARN_EMPTY_BODY = YES;
				CLANG_WARN_ENUM_CONVERSION = YES;
				CLANG_WARN_INT_CONVERSION = YES;
				CLANG_WARN_OBJC_ROOT_CLASS = YES_ERROR;
				CLANG_WARN_UNREACHABLE_CODE = YES;
				CLANG_WARN__DUPLICATE_METHOD_MATCH = YES;
				COPY_PHASE_STRIP = NO;
				DEBUG_INFORMATION_FORMAT = "dwarf-with-dsym";
				ENABLE_STRICT_OBJC_MSGSEND = YES;
				GCC_C_LANGUAGE_STANDARD = gnu99;
				GCC_DYNAMIC_NO_PIC = NO;
				GCC_NO_COMMON_BLOCKS = YES;
				GCC_OPTIMIZATION_LEVEL = 0;
				GCC_PREPROCESSOR_DEFINITIONS = (
					"DEBUG=1",
					"$(inherited)",
					"COCOS2D_DEBUG=1",
					USE_COCOS2DX,
					MELO_SUPPORT,
				);
				GCC_SYMBOLS_PRIVATE_EXTERN = NO;
				GCC_WARN_64_TO_32_BIT_CONVERSION = YES;
				GCC_WARN_ABOUT_RETURN_TYPE = YES_ERROR;
				GCC_WARN_UNDECLARED_SELECTOR = YES;
				GCC_WARN_UNINITIALIZED_AUTOS = YES_AGGRESSIVE;
				GCC_WARN_UNUSED_FUNCTION = YES;
				GCC_WARN_UNUSED_VARIABLE = YES;
				IPHONEOS_DEPLOYMENT_TARGET = 8.4;
				LIBRARY_SEARCH_PATHS = (
					"$(SRCROOT)/../cocos2d/external/freetype2/prebuilt/ios",
					"$(SRCROOT)/../cocos2d/external/lua/luajit/prebuilt/ios",
				);
				MTL_ENABLE_DEBUG_INFO = YES;
				ONLY_ACTIVE_ARCH = YES;
				SDKROOT = iphoneos;
				USER_HEADER_SEARCH_PATHS = "$(SRCROOT)/../cocos2d/cocos $(SRCROOT)/../cocos2d/cocos/base $(SRCROOT)/../cocos2d/external $(SRCROOT)/../cocos2d/external/freetype2/include/ios $(SRCROOT)/../cocos2d/external/lua/luajit/include $(SRCROOT)/../cocos/platform/ios/Simulation";
			};
			name = Debug;
		};
		B75134AA1B09D23A0028B727 /* Release */ = {
			isa = XCBuildConfiguration;
			buildSettings = {
				ALWAYS_SEARCH_USER_PATHS = YES;
				CLANG_CXX_LANGUAGE_STANDARD = "gnu++0x";
				CLANG_CXX_LIBRARY = "libc++";
				CLANG_ENABLE_MODULES = YES;
				CLANG_ENABLE_OBJC_ARC = YES;
				CLANG_WARN_BOOL_CONVERSION = YES;
				CLANG_WARN_CONSTANT_CONVERSION = YES;
				CLANG_WARN_DIRECT_OBJC_ISA_USAGE = YES_ERROR;
				CLANG_WARN_EMPTY_BODY = YES;
				CLANG_WARN_ENUM_CONVERSION = YES;
				CLANG_WARN_INT_CONVERSION = YES;
				CLANG_WARN_OBJC_ROOT_CLASS = YES_ERROR;
				CLANG_WARN_UNREACHABLE_CODE = YES;
				CLANG_WARN__DUPLICATE_METHOD_MATCH = YES;
				COPY_PHASE_STRIP = NO;
				DEBUG_INFORMATION_FORMAT = "dwarf-with-dsym";
				ENABLE_NS_ASSERTIONS = NO;
				ENABLE_STRICT_OBJC_MSGSEND = YES;
				GCC_C_LANGUAGE_STANDARD = gnu99;
				GCC_NO_COMMON_BLOCKS = YES;
				GCC_WARN_64_TO_32_BIT_CONVERSION = YES;
				GCC_WARN_ABOUT_RETURN_TYPE = YES_ERROR;
				GCC_WARN_UNDECLARED_SELECTOR = YES;
				GCC_WARN_UNINITIALIZED_AUTOS = YES_AGGRESSIVE;
				GCC_WARN_UNUSED_FUNCTION = YES;
				GCC_WARN_UNUSED_VARIABLE = YES;
				IPHONEOS_DEPLOYMENT_TARGET = 8.4;
				LIBRARY_SEARCH_PATHS = (
					"$(SRCROOT)/../cocos2d/external/freetype2/prebuilt/ios",
					"$(SRCROOT)/../cocos2d/external/lua/luajit/prebuilt/ios",
				);
				MTL_ENABLE_DEBUG_INFO = NO;
				SDKROOT = iphoneos;
				USER_HEADER_SEARCH_PATHS = "$(SRCROOT)/../cocos2d/cocos $(SRCROOT)/../cocos2d/cocos/base $(SRCROOT)/../cocos2d/external $(SRCROOT)/../cocos2d/external/freetype2/include/ios $(SRCROOT)/../cocos2d/external/lua/luajit/include $(SRCROOT)/../cocos/platform/ios/Simulation";
				VALIDATE_PRODUCT = YES;
			};
			name = Release;
		};
		B75134AC1B09D23A0028B727 /* Debug */ = {
			isa = XCBuildConfiguration;
			buildSettings = {
				GCC_PREPROCESSOR_DEFINITIONS = (
					"DEBUG=1",
					"$(inherited)",
					"COCOS2D_DEBUG=1",
					CC_TARGET_OS_IPHONE,
					TARGET_IOS,
				);
				LIBRARY_SEARCH_PATHS = (
					"$(inherited)",
					/Users/hsiaoyi/Documents/GB/Melo/cocos2d/external/freetype2/prebuilt/ios,
					/Users/hsiaoyi/Documents/GB/Melo/cocos2d/external/lua/luajit/prebuilt/ios,
					/Users/hsiaoyi/Documents/GB/Melo/cocos2d/external/lua/lua/prebuilt/ios,
					/Users/feynman/Documents/Projects/DreamsAwake/Melo/cocos2d/external/lua/lua/prebuilt/ios,
				);
				OTHER_LDFLAGS = "-ObjC";
				PRODUCT_NAME = "$(TARGET_NAME)";
				SKIP_INSTALL = YES;
				TARGETED_DEVICE_FAMILY = "1,2";
				USER_HEADER_SEARCH_PATHS = "$(SRCROOT)/../cocos2d/cocos $(SRCROOT)/../cocos2d/cocos/base $(SRCROOT)/../cocos2d/external $(SRCROOT)/../cocos2d/external/freetype2/include/ios $(SRCROOT)/../cocos2d/external/lua/luajit/include $(SRCROOT)/../cocos/platform/ios/Simulation";
			};
			name = Debug;
		};
		B75134AD1B09D23A0028B727 /* Release */ = {
			isa = XCBuildConfiguration;
			buildSettings = {
				LIBRARY_SEARCH_PATHS = (
					"$(inherited)",
					/Users/hsiaoyi/Documents/GB/Melo/cocos2d/external/freetype2/prebuilt/ios,
					/Users/hsiaoyi/Documents/GB/Melo/cocos2d/external/lua/luajit/prebuilt/ios,
					/Users/hsiaoyi/Documents/GB/Melo/cocos2d/external/lua/lua/prebuilt/ios,
					/Users/feynman/Documents/Projects/DreamsAwake/Melo/cocos2d/external/lua/lua/prebuilt/ios,
				);
				OTHER_LDFLAGS = "-ObjC";
				PRODUCT_NAME = "$(TARGET_NAME)";
				SKIP_INSTALL = YES;
				TARGETED_DEVICE_FAMILY = "1,2";
				USER_HEADER_SEARCH_PATHS = "$(SRCROOT)/../cocos2d/cocos $(SRCROOT)/../cocos2d/cocos/base $(SRCROOT)/../cocos2d/external $(SRCROOT)/../cocos2d/external/freetype2/include/ios $(SRCROOT)/../cocos2d/external/lua/luajit/include $(SRCROOT)/../cocos/platform/ios/Simulation";
			};
			name = Release;
		};
/* End XCBuildConfiguration section */

/* Begin XCConfigurationList section */
		B75134921B09D2390028B727 /* Build configuration list for PBXProject "Melo" */ = {
			isa = XCConfigurationList;
			buildConfigurations = (
				B75134A91B09D23A0028B727 /* Debug */,
				B75134AA1B09D23A0028B727 /* Release */,
			);
			defaultConfigurationIsVisible = 0;
			defaultConfigurationName = Release;
		};
		B75134AB1B09D23A0028B727 /* Build configuration list for PBXNativeTarget "Melo" */ = {
			isa = XCConfigurationList;
			buildConfigurations = (
				B75134AC1B09D23A0028B727 /* Debug */,
				B75134AD1B09D23A0028B727 /* Release */,
			);
			defaultConfigurationIsVisible = 0;
			defaultConfigurationName = Release;
		};
/* End XCConfigurationList section */
	};
	rootObject = B751348F1B09D2390028B727 /* Project object */;
}
