<?xml version="1.0" encoding="utf-8"?>
<Project ToolsVersion="4.0" xmlns="http://schemas.microsoft.com/developer/msbuild/2003">
  <ItemGroup>
    <Filter Include="win32">
      <UniqueIdentifier>{84a8ebd7-7cf0-47f6-b75e-d441df67da40}</UniqueIdentifier>
    </Filter>
    <Filter Include="resource">
      <UniqueIdentifier>{715254bc-d70b-4ec5-bf29-467dd3ace079}</UniqueIdentifier>
    </Filter>
    <Filter Include="src">
      <UniqueIdentifier>{bb6c862e-70e9-49d9-81b7-3829a6f50471}</UniqueIdentifier>
    </Filter>
  </ItemGroup>
  <ItemGroup>
    <ResourceCompile Include="game.rc">
      <Filter>resource</Filter>
    </ResourceCompile>
  </ItemGroup>
  <ItemGroup>
    <ClInclude Include="..\Melo\Melo.h" />
    <ClInclude Include="..\Melo\MLApp.h" />
    <ClInclude Include="..\Melo\MLAppDelegate.h" />
    <ClInclude Include="..\Melo\MLBase.h" />
    <ClInclude Include="..\Melo\MLBaseLayer.h" />
    <ClInclude Include="..\Melo\MLCCScene.h" />
    <ClInclude Include="..\Melo\MLLayer.h" />
    <ClInclude Include="..\Melo\MLLuaTestFunc.h" />
    <ClInclude Include="..\Melo\MLPlatform.h" />
    <ClInclude Include="..\Melo\MLSceneMgr.h" />
    <ClInclude Include="..\Melo\MLScriptMgr.h" />
    <ClInclude Include="..\Melo\MLSprite.h" />
    <ClInclude Include="..\Melo\MLType.h" />
    <ClInclude Include="main.h">
      <Filter>win32</Filter>
    </ClInclude>
    <ClInclude Include="..\Melo\MLFontMgr.h" />
  </ItemGroup>
  <ItemGroup>
    <ClCompile Include="..\Melo\MLApp.cpp" />
    <ClCompile Include="..\Melo\MLAppDelegate.cpp" />
    <ClCompile Include="..\Melo\MLBaseLayer.cpp" />
    <ClCompile Include="..\Melo\MLCCScene.cpp" />
    <ClCompile Include="..\Melo\MLLayer.cpp" />
    <ClCompile Include="..\Melo\MLLuaTestFunc.cpp" />
    <ClCompile Include="..\Melo\MLSceneMgr.cpp" />
    <ClCompile Include="..\Melo\MLScriptMgr.cpp" />
    <ClCompile Include="..\Melo\MLSprite.cpp" />
    <ClCompile Include="main.cpp">
      <Filter>win32</Filter>
    </ClCompile>
    <ClCompile Include="..\Melo\MLFontMgr.cpp" />
  </ItemGroup>
</Project>